{
  "name": "silverb",
  "version": "0.0.1",
  "lockfileVersion": 1,
  "requires": true,
  "dependencies": {
    "acorn": {
      "version": "5.5.3",
      "resolved": "https://registry.npmjs.org/acorn/-/acorn-5.5.3.tgz",
      "integrity": "sha512-jd5MkIUlbbmb07nXH0DT3y7rDVtkzDi4XZOUVWAer8ajmF/DTSSbl5oNFyDOl/OXA33Bl79+ypHhl2pN20VeOQ=="
    },
    "acorn-node": {
      "version": "1.3.0",
      "resolved": "https://registry.npmjs.org/acorn-node/-/acorn-node-1.3.0.tgz",
      "integrity": "sha512-efP54n3d1aLfjL2UMdaXa6DsswwzJeI5rqhbFvXMrKiJ6eJFpf+7R0zN7t8IC+XKn2YOAFAv6xbBNgHUkoHWLw==",
      "requires": {
        "acorn": "^5.4.1",
        "xtend": "^4.0.1"
      }
    },
    "syntax-error": {
      "version": "1.4.0",
      "resolved": "https://registry.npmjs.org/syntax-error/-/syntax-error-1.4.0.tgz",
      "integrity": "sha512-YPPlu67mdnHGTup2A8ff7BC2Pjq0e0Yp/IyTFN03zWO0RcK07uLcbi7C2KpGR2FvWbaB0+bfE27a+sBKebSo7w==",
      "requires": {
        "acorn-node": "^1.2.0"
      }
    },
    "xtend": {
      "version": "4.0.1",
      "resolved": "https://registry.npmjs.org/xtend/-/xtend-4.0.1.tgz",
      "integrity": "sha1-pcbVMr5lbiPbgg77lDofBJmNY68="
    }
  }
}
